
Microsoft Visual Studio Solution File, Format Version 12.00
# Visual Studio Version 16
VisualStudioVersion = 16.0.31829.152
MinimumVisualStudioVersion = 10.0.40219.1
Project("{888888A0-9F3D-457C-B088-3A5042F75D52}") = "PythonApplication17", "PythonApplication17\PythonApplication17.pyproj", "{9D7156D9-DFE7-4860-8B37-7546199E1B0A}"
EndProject
Global
	GlobalSection(SolutionConfigurationPlatforms) = preSolution
		Debug|Any CPU = Debug|Any CPU
		Release|Any CPU = Release|Any CPU
	EndGlobalSection
	GlobalSection(ProjectConfigurationPlatforms) = postSolution
		{9D7156D9-DFE7-4860-8B37-7546199E1B0A}.Debug|Any CPU.ActiveCfg = Debug|Any CPU
		{9D7156D9-DFE7-4860-8B37-7546199E1B0A}.Release|Any CPU.ActiveCfg = Release|Any CPU
	EndGlobalSection
	GlobalSection(SolutionProperties) = preSolution
		HideSolutionNode = FALSE
	EndGlobalSection
	GlobalSection(ExtensibilityGlobals) = postSolution
		SolutionGuid = {CBBCB388-5A00-41AF-A0A5-9CF8ED313ABC}
	EndGlobalSection
EndGlobal
